// !$*UTF8*$!
{
	archiveVersion = 1;
	classes = {
	};
	objectVersion = 46;
	objects = {

/* Begin PBXBuildFile section */
		256AC3DA0F4B6AC300CF3369 /* ThymeAppDelegate.m in Sources */ = {isa = PBXBuildFile; fileRef = 256AC3D90F4B6AC300CF3369 /* ThymeAppDelegate.m */; };
		8D11072B0486CEB800E47090 /* InfoPlist.strings in Resources */ = {isa = PBXBuildFile; fileRef = 089C165CFE840E0CC02AAC07 /* InfoPlist.strings */; };
		8D11072D0486CEB800E47090 /* main.m in Sources */ = {isa = PBXBuildFile; fileRef = 29B97316FDCFA39411CA2CEA /* main.m */; settings = {ATTRIBUTES = (); }; };
		8D11072F0486CEB800E47090 /* Cocoa.framework in Frameworks */ = {isa = PBXBuildFile; fileRef = 1058C7A1FEA54F0111CA2CBB /* Cocoa.framework */; };
		AE000F6316B457E1009A89B0 /* logo_small@2x.png in Resources */ = {isa = PBXBuildFile; fileRef = AE000F6216B457E1009A89B0 /* logo_small@2x.png */; };
		CF00806E116E75A40028AA45 /* Carbon.framework in Frameworks */ = {isa = PBXBuildFile; fileRef = CF00806D116E75A40028AA45 /* Carbon.framework */; };
		CF00807F116E75E80028AA45 /* DDHotKeyCenter.m in Sources */ = {isa = PBXBuildFile; fileRef = CF00807E116E75E80028AA45 /* DDHotKeyCenter.m */; };
		CF00B0091120E26D00F3503E /* MainMenu.xib in Resources */ = {isa = PBXBuildFile; fileRef = CF00B0081120E26D00F3503E /* MainMenu.xib */; };
		CF06879A163C9CEC006796A6 /* scriptSupport.sdef in Resources */ = {isa = PBXBuildFile; fileRef = CF068799163C9CEC006796A6 /* scriptSupport.sdef */; };
		CF06879D163C9EBC006796A6 /* StartCommand.m in Sources */ = {isa = PBXBuildFile; fileRef = CF06879C163C9EBC006796A6 /* StartCommand.m */; };
		CF0687A0163CA40E006796A6 /* StopCommand.m in Sources */ = {isa = PBXBuildFile; fileRef = CF06879F163CA40E006796A6 /* StopCommand.m */; };
		CF0687A3163CA41B006796A6 /* PauseCommand.m in Sources */ = {isa = PBXBuildFile; fileRef = CF0687A2163CA41B006796A6 /* PauseCommand.m */; };
		CF0687A6163CA42D006796A6 /* ToggleCommand.m in Sources */ = {isa = PBXBuildFile; fileRef = CF0687A5163CA42D006796A6 /* ToggleCommand.m */; };
		CF0779E311B9568900439C51 /* Session.m in Sources */ = {isa = PBXBuildFile; fileRef = CF0779E211B9568900439C51 /* Session.m */; };
		CF7FFC0B11B942E4005A78A3 /* DataModel.xcdatamodel in Sources */ = {isa = PBXBuildFile; fileRef = CF7FFC0A11B942E4005A78A3 /* DataModel.xcdatamodel */; };
		CFCBC66416F5E00200DC663A /* ShortcutRecorder.framework in Frameworks */ = {isa = PBXBuildFile; fileRef = CFCBC66016F5DFB700DC663A /* ShortcutRecorder.framework */; };
		CFCBC66516F5E02300DC663A /* PTHotKey.framework in Frameworks */ = {isa = PBXBuildFile; fileRef = CFCBC66216F5DFB700DC663A /* PTHotKey.framework */; };
		CFCBC66616F5E03400DC663A /* ShortcutRecorder.framework in CopyFiles */ = {isa = PBXBuildFile; fileRef = CFCBC66016F5DFB700DC663A /* ShortcutRecorder.framework */; };
		CFCBC66716F5E03600DC663A /* PTHotKey.framework in CopyFiles */ = {isa = PBXBuildFile; fileRef = CFCBC66216F5DFB700DC663A /* PTHotKey.framework */; };
		CFDFADE316F4C606008BF5F3 /* Stopwatch.m in Sources */ = {isa = PBXBuildFile; fileRef = CFDFADE216F4C606008BF5F3 /* Stopwatch.m */; };
		CFE78F1511BA73B700C2A003 /* logo.icns in Resources */ = {isa = PBXBuildFile; fileRef = CFE78F1411BA73B700C2A003 /* logo.icns */; };
		CFE78F5511BA786A00C2A003 /* Credits.rtf in Resources */ = {isa = PBXBuildFile; fileRef = CFE78F5411BA786A00C2A003 /* Credits.rtf */; };
		CFE78F5911BA797A00C2A003 /* LICENSE in Resources */ = {isa = PBXBuildFile; fileRef = CFE78F5811BA797A00C2A003 /* LICENSE */; };
		CFE78F8211BA7D5D00C2A003 /* logo_small.png in Resources */ = {isa = PBXBuildFile; fileRef = CFE78F8111BA7D5D00C2A003 /* logo_small.png */; };
/* End PBXBuildFile section */

/* Begin PBXContainerItemProxy section */
		CFCBC65F16F5DFB700DC663A /* PBXContainerItemProxy */ = {
			isa = PBXContainerItemProxy;
			containerPortal = CFCBC65A16F5DFB700DC663A /* ShortcutRecorder.xcodeproj */;
			proxyType = 2;
			remoteGlobalIDString = 939837800DA42965007F53F3;
			remoteInfo = ShortcutRecorder.framework;
		};
		CFCBC66116F5DFB700DC663A /* PBXContainerItemProxy */ = {
			isa = PBXContainerItemProxy;
			containerPortal = CFCBC65A16F5DFB700DC663A /* ShortcutRecorder.xcodeproj */;
			proxyType = 2;
			remoteGlobalIDString = E273122E1349EC9000A84433;
			remoteInfo = PTHotKey.framework;
		};
/* End PBXContainerItemProxy section */

/* Begin PBXCopyFilesBuildPhase section */
		613692F111A2982F005A594E /* CopyFiles */ = {
			isa = PBXCopyFilesBuildPhase;
			buildActionMask = 2147483647;
			dstPath = "";
			dstSubfolderSpec = 10;
			files = (
				CFCBC66716F5E03600DC663A /* PTHotKey.framework in CopyFiles */,
				CFCBC66616F5E03400DC663A /* ShortcutRecorder.framework in CopyFiles */,
			);
			runOnlyForDeploymentPostprocessing = 0;
		};
/* End PBXCopyFilesBuildPhase section */

/* Begin PBXFileReference section */
		089C165DFE840E0CC02AAC07 /* English */ = {isa = PBXFileReference; fileEncoding = 4; lastKnownFileType = text.plist.strings; name = English; path = English.lproj/InfoPlist.strings; sourceTree = "<group>"; };
		1058C7A1FEA54F0111CA2CBB /* Cocoa.framework */ = {isa = PBXFileReference; lastKnownFileType = wrapper.framework; name = Cocoa.framework; path = /System/Library/Frameworks/Cocoa.framework; sourceTree = "<absolute>"; };
		13E42FB307B3F0F600E4EEF1 /* CoreData.framework */ = {isa = PBXFileReference; lastKnownFileType = wrapper.framework; name = CoreData.framework; path = /System/Library/Frameworks/CoreData.framework; sourceTree = "<absolute>"; };
		256AC3D80F4B6AC300CF3369 /* ThymeAppDelegate.h */ = {isa = PBXFileReference; fileEncoding = 4; lastKnownFileType = sourcecode.c.h; path = ThymeAppDelegate.h; sourceTree = "<group>"; };
		256AC3D90F4B6AC300CF3369 /* ThymeAppDelegate.m */ = {isa = PBXFileReference; fileEncoding = 4; lastKnownFileType = sourcecode.c.objc; path = ThymeAppDelegate.m; sourceTree = "<group>"; };
		256AC3F00F4B6AF500CF3369 /* Thyme_Prefix.pch */ = {isa = PBXFileReference; fileEncoding = 4; lastKnownFileType = sourcecode.c.h; path = Thyme_Prefix.pch; sourceTree = "<group>"; };
		29B97316FDCFA39411CA2CEA /* main.m */ = {isa = PBXFileReference; fileEncoding = 4; lastKnownFileType = sourcecode.c.objc; path = main.m; sourceTree = "<group>"; };
		29B97324FDCFA39411CA2CEA /* AppKit.framework */ = {isa = PBXFileReference; lastKnownFileType = wrapper.framework; name = AppKit.framework; path = /System/Library/Frameworks/AppKit.framework; sourceTree = "<absolute>"; };
		29B97325FDCFA39411CA2CEA /* Foundation.framework */ = {isa = PBXFileReference; lastKnownFileType = wrapper.framework; name = Foundation.framework; path = /System/Library/Frameworks/Foundation.framework; sourceTree = "<absolute>"; };
		8D1107310486CEB800E47090 /* Thyme-Info.plist */ = {isa = PBXFileReference; fileEncoding = 4; lastKnownFileType = text.plist.xml; path = "Thyme-Info.plist"; sourceTree = "<group>"; };
		8D1107320486CEB800E47090 /* Thyme.app */ = {isa = PBXFileReference; explicitFileType = wrapper.application; includeInIndex = 0; path = Thyme.app; sourceTree = BUILT_PRODUCTS_DIR; };
		AE000F6216B457E1009A89B0 /* logo_small@2x.png */ = {isa = PBXFileReference; lastKnownFileType = image.png; path = "logo_small@2x.png"; sourceTree = "<group>"; };
		CF00806D116E75A40028AA45 /* Carbon.framework */ = {isa = PBXFileReference; lastKnownFileType = wrapper.framework; name = Carbon.framework; path = System/Library/Frameworks/Carbon.framework; sourceTree = SDKROOT; };
		CF00807D116E75E80028AA45 /* DDHotKeyCenter.h */ = {isa = PBXFileReference; fileEncoding = 4; lastKnownFileType = sourcecode.c.h; path = DDHotKeyCenter.h; sourceTree = "<group>"; };
		CF00807E116E75E80028AA45 /* DDHotKeyCenter.m */ = {isa = PBXFileReference; fileEncoding = 4; lastKnownFileType = sourcecode.c.objc; path = DDHotKeyCenter.m; sourceTree = "<group>"; };
		CF00B0081120E26D00F3503E /* MainMenu.xib */ = {isa = PBXFileReference; lastKnownFileType = file.xib; path = MainMenu.xib; sourceTree = "<group>"; };
		CF068799163C9CEC006796A6 /* scriptSupport.sdef */ = {isa = PBXFileReference; fileEncoding = 4; lastKnownFileType = text; path = scriptSupport.sdef; sourceTree = "<group>"; };
		CF06879B163C9EBC006796A6 /* StartCommand.h */ = {isa = PBXFileReference; fileEncoding = 4; lastKnownFileType = sourcecode.c.h; path = StartCommand.h; sourceTree = "<group>"; };
		CF06879C163C9EBC006796A6 /* StartCommand.m */ = {isa = PBXFileReference; fileEncoding = 4; lastKnownFileType = sourcecode.c.objc; path = StartCommand.m; sourceTree = "<group>"; };
		CF06879E163CA40E006796A6 /* StopCommand.h */ = {isa = PBXFileReference; fileEncoding = 4; lastKnownFileType = sourcecode.c.h; path = StopCommand.h; sourceTree = "<group>"; };
		CF06879F163CA40E006796A6 /* StopCommand.m */ = {isa = PBXFileReference; fileEncoding = 4; lastKnownFileType = sourcecode.c.objc; path = StopCommand.m; sourceTree = "<group>"; };
		CF0687A1163CA41B006796A6 /* PauseCommand.h */ = {isa = PBXFileReference; fileEncoding = 4; lastKnownFileType = sourcecode.c.h; path = PauseCommand.h; sourceTree = "<group>"; };
		CF0687A2163CA41B006796A6 /* PauseCommand.m */ = {isa = PBXFileReference; fileEncoding = 4; lastKnownFileType = sourcecode.c.objc; path = PauseCommand.m; sourceTree = "<group>"; };
		CF0687A4163CA42D006796A6 /* ToggleCommand.h */ = {isa = PBXFileReference; fileEncoding = 4; lastKnownFileType = sourcecode.c.h; path = ToggleCommand.h; sourceTree = "<group>"; };
		CF0687A5163CA42D006796A6 /* ToggleCommand.m */ = {isa = PBXFileReference; fileEncoding = 4; lastKnownFileType = sourcecode.c.objc; path = ToggleCommand.m; sourceTree = "<group>"; };
		CF0779E111B9568900439C51 /* Session.h */ = {isa = PBXFileReference; fileEncoding = 4; lastKnownFileType = sourcecode.c.h; path = Session.h; sourceTree = "<group>"; };
		CF0779E211B9568900439C51 /* Session.m */ = {isa = PBXFileReference; fileEncoding = 4; lastKnownFileType = sourcecode.c.objc; path = Session.m; sourceTree = "<group>"; };
		CF7FFC0A11B942E4005A78A3 /* DataModel.xcdatamodel */ = {isa = PBXFileReference; fileEncoding = 4; lastKnownFileType = wrapper.xcdatamodel; path = DataModel.xcdatamodel; sourceTree = "<group>"; };
		CFCBC65A16F5DFB700DC663A /* ShortcutRecorder.xcodeproj */ = {isa = PBXFileReference; lastKnownFileType = "wrapper.pb-project"; name = ShortcutRecorder.xcodeproj; path = ShortcutRecorder/ShortcutRecorder.xcodeproj; sourceTree = "<group>"; };
		CFDFADE116F4C606008BF5F3 /* Stopwatch.h */ = {isa = PBXFileReference; fileEncoding = 4; lastKnownFileType = sourcecode.c.h; path = Stopwatch.h; sourceTree = "<group>"; };
		CFDFADE216F4C606008BF5F3 /* Stopwatch.m */ = {isa = PBXFileReference; fileEncoding = 4; lastKnownFileType = sourcecode.c.objc; path = Stopwatch.m; sourceTree = "<group>"; };
		CFE78F1411BA73B700C2A003 /* logo.icns */ = {isa = PBXFileReference; lastKnownFileType = image.icns; path = logo.icns; sourceTree = "<group>"; };
		CFE78F5411BA786A00C2A003 /* Credits.rtf */ = {isa = PBXFileReference; lastKnownFileType = text.rtf; path = Credits.rtf; sourceTree = "<group>"; };
		CFE78F5811BA797A00C2A003 /* LICENSE */ = {isa = PBXFileReference; fileEncoding = 4; lastKnownFileType = text; path = LICENSE; sourceTree = "<group>"; };
		CFE78F8111BA7D5D00C2A003 /* logo_small.png */ = {isa = PBXFileReference; lastKnownFileType = image.png; path = logo_small.png; sourceTree = "<group>"; };
/* End PBXFileReference section */

/* Begin PBXFrameworksBuildPhase section */
		8D11072E0486CEB800E47090 /* Frameworks */ = {
			isa = PBXFrameworksBuildPhase;
			buildActionMask = 2147483647;
			files = (
				CFCBC66516F5E02300DC663A /* PTHotKey.framework in Frameworks */,
				CFCBC66416F5E00200DC663A /* ShortcutRecorder.framework in Frameworks */,
				8D11072F0486CEB800E47090 /* Cocoa.framework in Frameworks */,
				CF00806E116E75A40028AA45 /* Carbon.framework in Frameworks */,
			);
			runOnlyForDeploymentPostprocessing = 0;
		};
/* End PBXFrameworksBuildPhase section */

/* Begin PBXGroup section */
		080E96DDFE201D6D7F000001 /* Classes */ = {
			isa = PBXGroup;
			children = (
				CFDFADDE16F4C1D2008BF5F3 /* Deps */,
				CFDFADDD16F4C189008BF5F3 /* Commands */,
				256AC3D80F4B6AC300CF3369 /* ThymeAppDelegate.h */,
				256AC3D90F4B6AC300CF3369 /* ThymeAppDelegate.m */,
				CFDFADE116F4C606008BF5F3 /* Stopwatch.h */,
				CFDFADE216F4C606008BF5F3 /* Stopwatch.m */,
			);
			name = Classes;
			sourceTree = "<group>";
		};
		1058C7A0FEA54F0111CA2CBB /* Linked Frameworks */ = {
			isa = PBXGroup;
			children = (
				1058C7A1FEA54F0111CA2CBB /* Cocoa.framework */,
				CF00806D116E75A40028AA45 /* Carbon.framework */,
			);
			name = "Linked Frameworks";
			sourceTree = "<group>";
		};
		1058C7A2FEA54F0111CA2CBB /* Other Frameworks */ = {
			isa = PBXGroup;
			children = (
				29B97324FDCFA39411CA2CEA /* AppKit.framework */,
				13E42FB307B3F0F600E4EEF1 /* CoreData.framework */,
				29B97325FDCFA39411CA2CEA /* Foundation.framework */,
			);
			name = "Other Frameworks";
			sourceTree = "<group>";
		};
		19C28FACFE9D520D11CA2CBB /* Products */ = {
			isa = PBXGroup;
			children = (
				8D1107320486CEB800E47090 /* Thyme.app */,
			);
			name = Products;
			sourceTree = "<group>";
		};
		29B97314FDCFA39411CA2CEA /* Thyme */ = {
			isa = PBXGroup;
			children = (
				CFCBC65A16F5DFB700DC663A /* ShortcutRecorder.xcodeproj */,
				CF7FFC0911B942E4005A78A3 /* Models */,
				080E96DDFE201D6D7F000001 /* Classes */,
				29B97315FDCFA39411CA2CEA /* Other Sources */,
				29B97317FDCFA39411CA2CEA /* Resources */,
				29B97323FDCFA39411CA2CEA /* Frameworks */,
				19C28FACFE9D520D11CA2CBB /* Products */,
			);
			name = Thyme;
			sourceTree = "<group>";
		};
		29B97315FDCFA39411CA2CEA /* Other Sources */ = {
			isa = PBXGroup;
			children = (
				256AC3F00F4B6AF500CF3369 /* Thyme_Prefix.pch */,
				29B97316FDCFA39411CA2CEA /* main.m */,
			);
			name = "Other Sources";
			sourceTree = "<group>";
		};
		29B97317FDCFA39411CA2CEA /* Resources */ = {
			isa = PBXGroup;
			children = (
				CFDFADE016F4C43B008BF5F3 /* XIB */,
				CFDFADDF16F4C41E008BF5F3 /* Logo */,
				CF068799163C9CEC006796A6 /* scriptSupport.sdef */,
				8D1107310486CEB800E47090 /* Thyme-Info.plist */,
				089C165CFE840E0CC02AAC07 /* InfoPlist.strings */,
				CFE78F5411BA786A00C2A003 /* Credits.rtf */,
				CFE78F5811BA797A00C2A003 /* LICENSE */,
			);
			name = Resources;
			sourceTree = "<group>";
		};
		29B97323FDCFA39411CA2CEA /* Frameworks */ = {
			isa = PBXGroup;
			children = (
				1058C7A0FEA54F0111CA2CBB /* Linked Frameworks */,
				1058C7A2FEA54F0111CA2CBB /* Other Frameworks */,
			);
			name = Frameworks;
			sourceTree = "<group>";
		};
		CF7FFC0911B942E4005A78A3 /* Models */ = {
			isa = PBXGroup;
			children = (
				CF7FFC0A11B942E4005A78A3 /* DataModel.xcdatamodel */,
				CF0779E111B9568900439C51 /* Session.h */,
				CF0779E211B9568900439C51 /* Session.m */,
			);
			name = Models;
			sourceTree = "<group>";
		};
		CFCBC65B16F5DFB700DC663A /* Products */ = {
			isa = PBXGroup;
			children = (
				CFCBC66016F5DFB700DC663A /* ShortcutRecorder.framework */,
				CFCBC66216F5DFB700DC663A /* PTHotKey.framework */,
			);
			name = Products;
			sourceTree = "<group>";
		};
		CFDFADDD16F4C189008BF5F3 /* Commands */ = {
			isa = PBXGroup;
			children = (
				CF06879B163C9EBC006796A6 /* StartCommand.h */,
				CF06879C163C9EBC006796A6 /* StartCommand.m */,
				CF06879E163CA40E006796A6 /* StopCommand.h */,
				CF06879F163CA40E006796A6 /* StopCommand.m */,
				CF0687A1163CA41B006796A6 /* PauseCommand.h */,
				CF0687A2163CA41B006796A6 /* PauseCommand.m */,
				CF0687A4163CA42D006796A6 /* ToggleCommand.h */,
				CF0687A5163CA42D006796A6 /* ToggleCommand.m */,
			);
			name = Commands;
			sourceTree = "<group>";
		};
		CFDFADDE16F4C1D2008BF5F3 /* Deps */ = {
			isa = PBXGroup;
			children = (
				CF00807D116E75E80028AA45 /* DDHotKeyCenter.h */,
				CF00807E116E75E80028AA45 /* DDHotKeyCenter.m */,
			);
			name = Deps;
			sourceTree = "<group>";
		};
		CFDFADDF16F4C41E008BF5F3 /* Logo */ = {
			isa = PBXGroup;
			children = (
				CFE78F8111BA7D5D00C2A003 /* logo_small.png */,
				AE000F6216B457E1009A89B0 /* logo_small@2x.png */,
				CFE78F1411BA73B700C2A003 /* logo.icns */,
			);
			name = Logo;
			sourceTree = "<group>";
		};
		CFDFADE016F4C43B008BF5F3 /* XIB */ = {
			isa = PBXGroup;
			children = (
				CF00B0081120E26D00F3503E /* MainMenu.xib */,
			);
			name = XIB;
			sourceTree = "<group>";
		};
/* End PBXGroup section */

/* Begin PBXNativeTarget section */
		8D1107260486CEB800E47090 /* Thyme */ = {
			isa = PBXNativeTarget;
			buildConfigurationList = C01FCF4A08A954540054247B /* Build configuration list for PBXNativeTarget "Thyme" */;
			buildPhases = (
				8D1107290486CEB800E47090 /* Resources */,
				8D11072C0486CEB800E47090 /* Sources */,
				8D11072E0486CEB800E47090 /* Frameworks */,
				613692F111A2982F005A594E /* CopyFiles */,
			);
			buildRules = (
			);
			dependencies = (
			);
			name = Thyme;
			productInstallPath = "$(HOME)/Applications";
			productName = Thyme;
			productReference = 8D1107320486CEB800E47090 /* Thyme.app */;
			productType = "com.apple.product-type.application";
		};
/* End PBXNativeTarget section */

/* Begin PBXProject section */
		29B97313FDCFA39411CA2CEA /* Project object */ = {
			isa = PBXProject;
			attributes = {
				LastUpgradeCheck = 0450;
			};
			buildConfigurationList = C01FCF4E08A954540054247B /* Build configuration list for PBXProject "Thyme" */;
			compatibilityVersion = "Xcode 3.2";
			developmentRegion = English;
			hasScannedForEncodings = 1;
			knownRegions = (
				en,
			);
			mainGroup = 29B97314FDCFA39411CA2CEA /* Thyme */;
			projectDirPath = "";
			projectReferences = (
				{
					ProductGroup = CFCBC65B16F5DFB700DC663A /* Products */;
					ProjectRef = CFCBC65A16F5DFB700DC663A /* ShortcutRecorder.xcodeproj */;
				},
			);
			projectRoot = "";
			targets = (
				8D1107260486CEB800E47090 /* Thyme */,
			);
		};
/* End PBXProject section */

/* Begin PBXReferenceProxy section */
		CFCBC66016F5DFB700DC663A /* ShortcutRecorder.framework */ = {
			isa = PBXReferenceProxy;
			fileType = wrapper.framework;
			path = ShortcutRecorder.framework;
			remoteRef = CFCBC65F16F5DFB700DC663A /* PBXContainerItemProxy */;
			sourceTree = BUILT_PRODUCTS_DIR;
		};
		CFCBC66216F5DFB700DC663A /* PTHotKey.framework */ = {
			isa = PBXReferenceProxy;
			fileType = wrapper.framework;
			path = PTHotKey.framework;
			remoteRef = CFCBC66116F5DFB700DC663A /* PBXContainerItemProxy */;
			sourceTree = BUILT_PRODUCTS_DIR;
		};
/* End PBXReferenceProxy section */

/* Begin PBXResourcesBuildPhase section */
		8D1107290486CEB800E47090 /* Resources */ = {
			isa = PBXResourcesBuildPhase;
			buildActionMask = 2147483647;
			files = (
				8D11072B0486CEB800E47090 /* InfoPlist.strings in Resources */,
				CF00B0091120E26D00F3503E /* MainMenu.xib in Resources */,
				CFE78F1511BA73B700C2A003 /* logo.icns in Resources */,
				CFE78F5511BA786A00C2A003 /* Credits.rtf in Resources */,
				CFE78F5911BA797A00C2A003 /* LICENSE in Resources */,
				CFE78F8211BA7D5D00C2A003 /* logo_small.png in Resources */,
				CF06879A163C9CEC006796A6 /* scriptSupport.sdef in Resources */,
				AE000F6316B457E1009A89B0 /* logo_small@2x.png in Resources */,
			);
			runOnlyForDeploymentPostprocessing = 0;
		};
/* End PBXResourcesBuildPhase section */

/* Begin PBXSourcesBuildPhase section */
		8D11072C0486CEB800E47090 /* Sources */ = {
			isa = PBXSourcesBuildPhase;
			buildActionMask = 2147483647;
			files = (
				8D11072D0486CEB800E47090 /* main.m in Sources */,
				256AC3DA0F4B6AC300CF3369 /* ThymeAppDelegate.m in Sources */,
				CF00807F116E75E80028AA45 /* DDHotKeyCenter.m in Sources */,
				CF7FFC0B11B942E4005A78A3 /* DataModel.xcdatamodel in Sources */,
				CF0779E311B9568900439C51 /* Session.m in Sources */,
				CF06879D163C9EBC006796A6 /* StartCommand.m in Sources */,
				CF0687A0163CA40E006796A6 /* StopCommand.m in Sources */,
				CF0687A3163CA41B006796A6 /* PauseCommand.m in Sources */,
				CF0687A6163CA42D006796A6 /* ToggleCommand.m in Sources */,
				CFDFADE316F4C606008BF5F3 /* Stopwatch.m in Sources */,
			);
			runOnlyForDeploymentPostprocessing = 0;
		};
/* End PBXSourcesBuildPhase section */

/* Begin PBXVariantGroup section */
		089C165CFE840E0CC02AAC07 /* InfoPlist.strings */ = {
			isa = PBXVariantGroup;
			children = (
				089C165DFE840E0CC02AAC07 /* English */,
			);
			name = InfoPlist.strings;
			sourceTree = "<group>";
		};
/* End PBXVariantGroup section */

/* Begin XCBuildConfiguration section */
		C01FCF4B08A954540054247B /* Debug */ = {
			isa = XCBuildConfiguration;
			buildSettings = {
				ALWAYS_SEARCH_USER_PATHS = NO;
				COMBINE_HIDPI_IMAGES = YES;
				COPY_PHASE_STRIP = NO;
				FRAMEWORK_SEARCH_PATHS = (
					"$(inherited)",
					"\"$(SRCROOT)\"",
				);
				GCC_DYNAMIC_NO_PIC = NO;
				GCC_MODEL_TUNING = G5;
				GCC_OPTIMIZATION_LEVEL = 0;
				GCC_PRECOMPILE_PREFIX_HEADER = YES;
				GCC_PREFIX_HEADER = Thyme_Prefix.pch;
				INFOPLIST_FILE = "Thyme-Info.plist";
				INSTALL_PATH = "$(HOME)/Applications";
				LD_RUNPATH_SEARCH_PATHS = "@executable_path/../Frameworks";
				PRODUCT_NAME = Thyme;
				SDKROOT = macosx;
			};
			name = Debug;
		};
		C01FCF4C08A954540054247B /* Release */ = {
			isa = XCBuildConfiguration;
			buildSettings = {
				ALWAYS_SEARCH_USER_PATHS = NO;
				COMBINE_HIDPI_IMAGES = YES;
				DEBUG_INFORMATION_FORMAT = "dwarf-with-dsym";
				FRAMEWORK_SEARCH_PATHS = (
					"$(inherited)",
					"\"$(SRCROOT)\"",
				);
				GCC_MODEL_TUNING = G5;
				GCC_PRECOMPILE_PREFIX_HEADER = YES;
				GCC_PREFIX_HEADER = Thyme_Prefix.pch;
				INFOPLIST_FILE = "Thyme-Info.plist";
				INSTALL_PATH = "$(HOME)/Applications";
				LD_RUNPATH_SEARCH_PATHS = "@executable_path/../Frameworks";
				PRODUCT_NAME = Thyme;
				SDKROOT = macosx;
			};
			name = Release;
		};
		C01FCF4F08A954540054247B /* Debug */ = {
			isa = XCBuildConfiguration;
			buildSettings = {
				ARCHS = "$(ARCHS_STANDARD_64_BIT)";
				GCC_C_LANGUAGE_STANDARD = gnu99;
				GCC_OPTIMIZATION_LEVEL = 0;
				GCC_WARN_ABOUT_RETURN_TYPE = YES;
				GCC_WARN_UNUSED_VARIABLE = YES;
				ONLY_ACTIVE_ARCH = NO;
				SDKROOT = macosx;
				VALID_ARCHS = "i386 x86_64";
			};
			name = Debug;
		};
		C01FCF5008A954540054247B /* Release */ = {
			isa = XCBuildConfiguration;
			buildSettings = {
				ARCHS = "$(ARCHS_STANDARD_64_BIT)";
				GCC_C_LANGUAGE_STANDARD = gnu99;
				GCC_WARN_ABOUT_RETURN_TYPE = YES;
				GCC_WARN_UNUSED_VARIABLE = YES;
				ONLY_ACTIVE_ARCH = NO;
				SDKROOT = macosx;
				VALID_ARCHS = "i386 x86_64";
			};
			name = Release;
		};
/* End XCBuildConfiguration section */

/* Begin XCConfigurationList section */
		C01FCF4A08A954540054247B /* Build configuration list for PBXNativeTarget "Thyme" */ = {
			isa = XCConfigurationList;
			buildConfigurations = (
				C01FCF4B08A954540054247B /* Debug */,
				C01FCF4C08A954540054247B /* Release */,
			);
			defaultConfigurationIsVisible = 0;
			defaultConfigurationName = Release;
		};
		C01FCF4E08A954540054247B /* Build configuration list for PBXProject "Thyme" */ = {
			isa = XCConfigurationList;
			buildConfigurations = (
				C01FCF4F08A954540054247B /* Debug */,
				C01FCF5008A954540054247B /* Release */,
			);
			defaultConfigurationIsVisible = 0;
			defaultConfigurationName = Release;
		};
/* End XCConfigurationList section */
	};
	rootObject = 29B97313FDCFA39411CA2CEA /* Project object */;
}
